{
  "version": "5",
  "specifiers": {
    "jsr:@std/cli@^1.0.20": "1.0.20",
    "jsr:@std/cli@^1.0.21": "1.0.21",
    "jsr:@std/encoding@^1.0.10": "1.0.10",
    "jsr:@std/fmt@^1.0.8": "1.0.8",
    "jsr:@std/fs@^1.0.18": "1.0.18",
    "jsr:@std/fs@^1.0.19": "1.0.19",
    "jsr:@std/html@1.0.4": "1.0.4",
    "jsr:@std/html@^1.0.4": "1.0.4",
    "jsr:@std/http@1.0.18": "1.0.18",
    "jsr:@std/http@1.0.20": "1.0.20",
    "jsr:@std/internal@^1.0.9": "1.0.10",
    "jsr:@std/media-types@^1.1.0": "1.1.0",
    "jsr:@std/net@^1.0.4": "1.0.4",
    "jsr:@std/path@1.1.0": "1.1.0",
    "jsr:@std/path@1.1.1": "1.1.1",
    "jsr:@std/path@^1.1.0": "1.1.0",
    "jsr:@std/path@^1.1.1": "1.1.1",
    "jsr:@std/streams@^1.0.10": "1.0.10"
  },
  "jsr": {
    "@std/cli@1.0.20": {
      "integrity": "a8c384a2c98cec6ec6a2055c273a916e2772485eb784af0db004c5ab8ba52333"
    },
    "@std/cli@1.0.21": {
      "integrity": "cd25b050bdf6282e321854e3822bee624f07aca7636a3a76d95f77a3a919ca2a"
    },
    "@std/encoding@1.0.10": {
      "integrity": "8783c6384a2d13abd5e9e87a7ae0520a30e9f56aeeaa3bdf910a3eaaf5c811a1"
    },
    "@std/fmt@1.0.8": {
      "integrity": "71e1fc498787e4434d213647a6e43e794af4fd393ef8f52062246e06f7e372b7"
    },
    "@std/fs@1.0.18": {
      "integrity": "24bcad99eab1af4fde75e05da6e9ed0e0dce5edb71b7e34baacf86ffe3969f3a"
    },
    "@std/fs@1.0.19": {
      "integrity": "051968c2b1eae4d2ea9f79a08a3845740ef6af10356aff43d3e2ef11ed09fb06"
    },
    "@std/html@1.0.4": {
      "integrity": "eff3497c08164e6ada49b7f81a28b5108087033823153d065e3f89467dd3d50e"
    },
    "@std/http@1.0.18": {
      "integrity": "8d9546aa532c52a0cf318c74616db0638b4c1073405355d1b14f9e1591dccf20",
      "dependencies": [
        "jsr:@std/cli@^1.0.20",
        "jsr:@std/encoding",
        "jsr:@std/fmt",
        "jsr:@std/fs@^1.0.18",
        "jsr:@std/html@^1.0.4",
        "jsr:@std/media-types",
        "jsr:@std/net",
        "jsr:@std/path@^1.1.0",
        "jsr:@std/streams"
      ]
    },
    "@std/http@1.0.20": {
      "integrity": "b5cc33fc001bccce65ed4c51815668c9891c69ccd908295997e983d8f56070a1",
      "dependencies": [
        "jsr:@std/cli@^1.0.21",
        "jsr:@std/encoding",
        "jsr:@std/fmt",
        "jsr:@std/fs@^1.0.19",
        "jsr:@std/html@^1.0.4",
        "jsr:@std/media-types",
        "jsr:@std/net",
        "jsr:@std/path@^1.1.1",
        "jsr:@std/streams"
      ]
    },
    "@std/internal@1.0.10": {
      "integrity": "e3be62ce42cab0e177c27698e5d9800122f67b766a0bea6ca4867886cbde8cf7"
    },
    "@std/media-types@1.1.0": {
      "integrity": "c9d093f0c05c3512932b330e3cc1fe1d627b301db33a4c2c2185c02471d6eaa4"
    },
    "@std/net@1.0.4": {
      "integrity": "2f403b455ebbccf83d8a027d29c5a9e3a2452fea39bb2da7f2c04af09c8bc852"
    },
    "@std/path@1.1.0": {
      "integrity": "ddc94f8e3c275627281cbc23341df6b8bcc874d70374f75fec2533521e3d6886"
    },
    "@std/path@1.1.1": {
      "integrity": "fe00026bd3a7e6a27f73709b83c607798be40e20c81dde655ce34052fd82ec76",
      "dependencies": [
        "jsr:@std/internal"
      ]
    },
    "@std/streams@1.0.10": {
      "integrity": "75c0b1431873cd0d8b3d679015220204d36d3c7420d93b60acfc379eb0dc30af"
    }
  },
  "remote": {
    "https://deno.land/x/galo@v0.3.0/mod.ts": "a706e11042ddbedb5428e35e1da3d691f2082872600e4c19ef08184357f084d0",
    "https://deno.land/x/galo@v0.3.1/mod.ts": "a7bcf4ea528ba4a0eeb98cbcc84c97ca31c818d2feeac439d37f966d1eff6368",
    "https://deno.land/x/galo@v0.3.2//mod.ts": "4d90228ca0a4c42216a8fa4ceae90a4b771f9cbb494d913c88a656d39c0ffbf0",
    "https://deno.land/x/galo@v0.3.2/mod.ts": "4d90228ca0a4c42216a8fa4ceae90a4b771f9cbb494d913c88a656d39c0ffbf0",
    "https://deno.land/x/lume@v3.0.4/core/events.ts": "e4fd1786eb7dd4a041d7d922779b9edf1ee89e51fd17ba5e756f380879ccb557",
    "https://deno.land/x/lume@v3.0.4/core/server.ts": "19cdd234f18c601d8386c7aa6d589616ce367fc571a96d4715f220a522e17ae8",
    "https://deno.land/x/lume@v3.0.4/core/utils/object.ts": "70f4d7b289478810499e5631cb9458e2961db12b5caa51ec34f87b6b5f6d4674",
    "https://deno.land/x/lume@v3.0.4/core/utils/path.ts": "7a1d199113928cc35782aa3262cbe6f7a4894bc262d7d300de9385b3da45602f",
    "https://deno.land/x/lume@v3.0.4/deps/http.ts": "53421dba4d4f03234ed801692ccc0b920146e7f9b12c1dcf9a21e5174f012db0",
    "https://deno.land/x/lume@v3.0.4/deps/path.ts": "7b8bd4bac7b4e914138a5268fa364f171384501eb783ba02a4522d4d4564aef2",
    "https://deno.land/x/lume@v3.0.4/middlewares/router.ts": "2d602033a35e6a7e990fc503664ff1ef270197bddaf4437a2838e8abaf095b94"
  }
}
